
Microsoft Visual Studio Solution File, Format Version 12.00
# Visual Studio Version 17
VisualStudioVersion = 17.11.35303.130
MinimumVisualStudioVersion = 10.0.40219.1
Project("{FAE04EC0-301F-11D3-BF4B-00C04F79EFBC}") = "LinearData", "LinearData\LinearData.csproj", "{2969164B-E39A-464D-B22B-9ED2BB81CB30}"
EndProject
Global
	GlobalSection(SolutionConfigurationPlatforms) = preSolution
		Debug|Any CPU = Debug|Any CPU
		Release|Any CPU = Release|Any CPU
	EndGlobalSection
	GlobalSection(ProjectConfigurationPlatforms) = postSolution
		{2969164B-E39A-464D-B22B-9ED2BB81CB30}.Debug|Any CPU.ActiveCfg = Debug|Any CPU
		{2969164B-E39A-464D-B22B-9ED2BB81CB30}.Debug|Any CPU.Build.0 = Debug|Any CPU
		{2969164B-E39A-464D-B22B-9ED2BB81CB30}.Release|Any CPU.ActiveCfg = Release|Any CPU
		{2969164B-E39A-464D-B22B-9ED2BB81CB30}.Release|Any CPU.Build.0 = Release|Any CPU
	EndGlobalSection
	GlobalSection(SolutionProperties) = preSolution
		HideSolutionNode = FALSE
	EndGlobalSection
	GlobalSection(ExtensibilityGlobals) = postSolution
		SolutionGuid = {5A444369-B61E-4ACD-AE66-5C5920261156}
	EndGlobalSection
EndGlobal
